<?xml version="1.0" encoding="UTF-8" standalone="yes" ?>
<CodeBlocks_project_file>
	<FileVersion major="1" minor="6" />
	<Project>
		<Option title="Chip8" />
		<Option pch_mode="2" />
		<Option compiler="gcc" />
		<Build>
			<Target title="Debug">
				<Option output="bin/Debug/Chip8" prefix_auto="1" extension_auto="1" />
				<Option object_output="obj/Debug/" />
				<Option type="1" />
				<Option compiler="gcc" />
				<Compiler>
					<Add option="-g" />
					<Add directory="include" />
					<Add directory="D:/DevLib/include" />
				</Compiler>
				<Linker>
					<Add library="mingw32" />
					<Add library="SDL2main" />
					<Add library="SDL2" />
					<Add directory="D:/DevLib/libsdl2" />
				</Linker>
			</Target>
			<Target title="Release">
				<Option output="bin/Release/Chip8" prefix_auto="1" extension_auto="1" />
				<Option object_output="obj/Release/" />
				<Option type="1" />
				<Option compiler="gcc" />
				<Compiler>
					<Add option="-O2" />
					<Add directory="include" />
				</Compiler>
				<Linker>
					<Add option="-s" />
				</Linker>
			</Target>
		</Build>
		<Compiler>
			<Add option="-Wall" />
		</Compiler>
		<Unit filename="include/App.h" />
		<Unit filename="include/Config.h" />
		<Unit filename="include/VM.h" />
		<Unit filename="main.cpp" />
		<Unit filename="src/App.cpp" />
		<Unit filename="src/VM.cpp" />
		<Extensions>
			<code_completion />
			<envvars />
			<debugger />
		</Extensions>
	</Project>
</CodeBlocks_project_file>
